// !$*UTF8*$!
{
	archiveVersion = 1;
	classes = {
	};
	objectVersion = 46;
	objects = {

/* Begin PBXBuildFile section */
		561A743E1E6702E400A59C62 /* ManufacturerDataSourceTests.swift in Sources */ = {isa = PBXBuildFile; fileRef = 561A74381E6702E400A59C62 /* ManufacturerDataSourceTests.swift */; };
		561A743F1E6702E400A59C62 /* ModelsDataSourceTests.swift in Sources */ = {isa = PBXBuildFile; fileRef = 561A74391E6702E400A59C62 /* ModelsDataSourceTests.swift */; };
		561A74401E6702E400A59C62 /* ModelTests.swift in Sources */ = {isa = PBXBuildFile; fileRef = 561A743A1E6702E400A59C62 /* ModelTests.swift */; };
		561A74411E6702E400A59C62 /* SharedStateTest.swift in Sources */ = {isa = PBXBuildFile; fileRef = 561A743B1E6702E400A59C62 /* SharedStateTest.swift */; };
		561A74421E6702E400A59C62 /* ViewModelsTest.swift in Sources */ = {isa = PBXBuildFile; fileRef = 561A743C1E6702E400A59C62 /* ViewModelsTest.swift */; };
		561A74431E6702E400A59C62 /* WebserviceTests.swift in Sources */ = {isa = PBXBuildFile; fileRef = 561A743D1E6702E400A59C62 /* WebserviceTests.swift */; };
		56A8CE9F1E67058300F4C732 /* AppDelegate.swift in Sources */ = {isa = PBXBuildFile; fileRef = 56A8CE9E1E67058300F4C732 /* AppDelegate.swift */; };
		56A8CEA21E67059B00F4C732 /* CarManufacturersDataSource.swift in Sources */ = {isa = PBXBuildFile; fileRef = 56A8CEA01E67059B00F4C732 /* CarManufacturersDataSource.swift */; };
		56A8CEA31E67059B00F4C732 /* CarModelsDataSource.swift in Sources */ = {isa = PBXBuildFile; fileRef = 56A8CEA11E67059B00F4C732 /* CarModelsDataSource.swift */; };
		56A8CEA71E6705AF00F4C732 /* CarManufacturerListViewController.swift in Sources */ = {isa = PBXBuildFile; fileRef = 56A8CEA41E6705AF00F4C732 /* CarManufacturerListViewController.swift */; };
		56A8CEA81E6705AF00F4C732 /* CarModelListViewController.swift in Sources */ = {isa = PBXBuildFile; fileRef = 56A8CEA51E6705AF00F4C732 /* CarModelListViewController.swift */; };
		56A8CEA91E6705AF00F4C732 /* DisplaySelectedCarViewController.swift in Sources */ = {isa = PBXBuildFile; fileRef = 56A8CEA61E6705AF00F4C732 /* DisplaySelectedCarViewController.swift */; };
		56A8CEAC1E6705BF00F4C732 /* CarManufacturersListViewController+Webservice.swift in Sources */ = {isa = PBXBuildFile; fileRef = 56A8CEAA1E6705BF00F4C732 /* CarManufacturersListViewController+Webservice.swift */; };
		56A8CEAD1E6705BF00F4C732 /* CarModelsListViewController+Webservice.swift in Sources */ = {isa = PBXBuildFile; fileRef = 56A8CEAB1E6705BF00F4C732 /* CarModelsListViewController+Webservice.swift */; };
		56A8CEB01E6705CD00F4C732 /* CarManufacturerListCell.swift in Sources */ = {isa = PBXBuildFile; fileRef = 56A8CEAE1E6705CD00F4C732 /* CarManufacturerListCell.swift */; };
		56A8CEB11E6705CD00F4C732 /* CarModelListCell.swift in Sources */ = {isa = PBXBuildFile; fileRef = 56A8CEAF1E6705CD00F4C732 /* CarModelListCell.swift */; };
		56A8CEB41E6705DD00F4C732 /* JSONParsingProtocol.swift in Sources */ = {isa = PBXBuildFile; fileRef = 56A8CEB21E6705DD00F4C732 /* JSONParsingProtocol.swift */; };
		56A8CEB51E6705DD00F4C732 /* ReusableProtocol.swift in Sources */ = {isa = PBXBuildFile; fileRef = 56A8CEB31E6705DD00F4C732 /* ReusableProtocol.swift */; };
		56A8CEBA1E6705F800F4C732 /* AppState.swift in Sources */ = {isa = PBXBuildFile; fileRef = 56A8CEB61E6705F800F4C732 /* AppState.swift */; };
		56A8CEBB1E6705F800F4C732 /* Constants.swift in Sources */ = {isa = PBXBuildFile; fileRef = 56A8CEB71E6705F800F4C732 /* Constants.swift */; };
		56A8CEBC1E6705F800F4C732 /* Storyboard.swift in Sources */ = {isa = PBXBuildFile; fileRef = 56A8CEB81E6705F800F4C732 /* Storyboard.swift */; };
		56A8CEBD1E6705F800F4C732 /* Utils.swift in Sources */ = {isa = PBXBuildFile; fileRef = 56A8CEB91E6705F800F4C732 /* Utils.swift */; };
		56A8CEC11E67060800F4C732 /* Car.swift in Sources */ = {isa = PBXBuildFile; fileRef = 56A8CEBE1E67060800F4C732 /* Car.swift */; };
		56A8CEC21E67060800F4C732 /* CarManufacturer.swift in Sources */ = {isa = PBXBuildFile; fileRef = 56A8CEBF1E67060800F4C732 /* CarManufacturer.swift */; };
		56A8CEC31E67060800F4C732 /* CarModel.swift in Sources */ = {isa = PBXBuildFile; fileRef = 56A8CEC01E67060800F4C732 /* CarModel.swift */; };
		56A8CEC71E67061800F4C732 /* CarManufacturerViewModel.swift in Sources */ = {isa = PBXBuildFile; fileRef = 56A8CEC41E67061800F4C732 /* CarManufacturerViewModel.swift */; };
		56A8CEC81E67061800F4C732 /* CarModelViewModel.swift in Sources */ = {isa = PBXBuildFile; fileRef = 56A8CEC51E67061800F4C732 /* CarModelViewModel.swift */; };
		56A8CEC91E67061800F4C732 /* CarViewModel.swift in Sources */ = {isa = PBXBuildFile; fileRef = 56A8CEC61E67061800F4C732 /* CarViewModel.swift */; };
		56A8CED21E67063000F4C732 /* APIRequest.swift in Sources */ = {isa = PBXBuildFile; fileRef = 56A8CECA1E67063000F4C732 /* APIRequest.swift */; };
		56A8CED31E67063000F4C732 /* GetManufacturerRequest.swift in Sources */ = {isa = PBXBuildFile; fileRef = 56A8CECB1E67063000F4C732 /* GetManufacturerRequest.swift */; };
		56A8CED41E67063000F4C732 /* GetModelsRequest.swift in Sources */ = {isa = PBXBuildFile; fileRef = 56A8CECC1E67063000F4C732 /* GetModelsRequest.swift */; };
		56A8CED51E67063000F4C732 /* MainAPIOperation.swift in Sources */ = {isa = PBXBuildFile; fileRef = 56A8CECD1E67063000F4C732 /* MainAPIOperation.swift */; };
		56A8CED61E67063000F4C732 /* NetworkManager.swift in Sources */ = {isa = PBXBuildFile; fileRef = 56A8CECE1E67063000F4C732 /* NetworkManager.swift */; };
		56A8CED71E67063000F4C732 /* NetworkOperation.swift in Sources */ = {isa = PBXBuildFile; fileRef = 56A8CECF1E67063000F4C732 /* NetworkOperation.swift */; };
		56A8CED81E67063000F4C732 /* ParseOperation.swift in Sources */ = {isa = PBXBuildFile; fileRef = 56A8CED01E67063000F4C732 /* ParseOperation.swift */; };
		56A8CED91E67063000F4C732 /* Result.swift in Sources */ = {isa = PBXBuildFile; fileRef = 56A8CED11E67063000F4C732 /* Result.swift */; };
		56A8CEDC1E67064C00F4C732 /* Assets.xcassets in Resources */ = {isa = PBXBuildFile; fileRef = 56A8CEDA1E67064C00F4C732 /* Assets.xcassets */; };
		56A8CEDD1E67064C00F4C732 /* Info.plist in Resources */ = {isa = PBXBuildFile; fileRef = 56A8CEDB1E67064C00F4C732 /* Info.plist */; };
		56A8CEE41E67077900F4C732 /* LaunchScreen.storyboard in Resources */ = {isa = PBXBuildFile; fileRef = 56A8CEE01E67077900F4C732 /* LaunchScreen.storyboard */; };
		56A8CEE51E67077900F4C732 /* Main.storyboard in Resources */ = {isa = PBXBuildFile; fileRef = 56A8CEE21E67077900F4C732 /* Main.storyboard */; };
/* End PBXBuildFile section */

/* Begin PBXContainerItemProxy section */
		561A74321E6702B300A59C62 /* PBXContainerItemProxy */ = {
			isa = PBXContainerItemProxy;
			containerPortal = 5600F55C1E60A3EF005FB730 /* Project object */;
			proxyType = 1;
			remoteGlobalIDString = 5600F5631E60A3EF005FB730;
			remoteInfo = CarSelector;
		};
/* End PBXContainerItemProxy section */

/* Begin PBXFileReference section */
		5600F5641E60A3EF005FB730 /* CarSelector.app */ = {isa = PBXFileReference; explicitFileType = wrapper.application; includeInIndex = 0; path = CarSelector.app; sourceTree = BUILT_PRODUCTS_DIR; };
		561A742D1E6702B300A59C62 /* CarSelectorTests.xctest */ = {isa = PBXFileReference; explicitFileType = wrapper.cfbundle; includeInIndex = 0; path = CarSelectorTests.xctest; sourceTree = BUILT_PRODUCTS_DIR; };
		561A74311E6702B300A59C62 /* Info.plist */ = {isa = PBXFileReference; lastKnownFileType = text.plist.xml; path = Info.plist; sourceTree = "<group>"; };
		561A74371E6702E400A59C62 /* CarSelectorTests-Bridging-Header.h */ = {isa = PBXFileReference; lastKnownFileType = sourcecode.c.h; path = "CarSelectorTests-Bridging-Header.h"; sourceTree = "<group>"; };
		561A74381E6702E400A59C62 /* ManufacturerDataSourceTests.swift */ = {isa = PBXFileReference; fileEncoding = 4; lastKnownFileType = sourcecode.swift; path = ManufacturerDataSourceTests.swift; sourceTree = "<group>"; };
		561A74391E6702E400A59C62 /* ModelsDataSourceTests.swift */ = {isa = PBXFileReference; fileEncoding = 4; lastKnownFileType = sourcecode.swift; path = ModelsDataSourceTests.swift; sourceTree = "<group>"; };
		561A743A1E6702E400A59C62 /* ModelTests.swift */ = {isa = PBXFileReference; fileEncoding = 4; lastKnownFileType = sourcecode.swift; path = ModelTests.swift; sourceTree = "<group>"; };
		561A743B1E6702E400A59C62 /* SharedStateTest.swift */ = {isa = PBXFileReference; fileEncoding = 4; lastKnownFileType = sourcecode.swift; path = SharedStateTest.swift; sourceTree = "<group>"; };
		561A743C1E6702E400A59C62 /* ViewModelsTest.swift */ = {isa = PBXFileReference; fileEncoding = 4; lastKnownFileType = sourcecode.swift; path = ViewModelsTest.swift; sourceTree = "<group>"; };
		561A743D1E6702E400A59C62 /* WebserviceTests.swift */ = {isa = PBXFileReference; fileEncoding = 4; lastKnownFileType = sourcecode.swift; path = WebserviceTests.swift; sourceTree = "<group>"; };
		56A8CE9E1E67058300F4C732 /* AppDelegate.swift */ = {isa = PBXFileReference; fileEncoding = 4; lastKnownFileType = sourcecode.swift; name = AppDelegate.swift; path = CarSelector/AppDelegate.swift; sourceTree = SOURCE_ROOT; };
		56A8CEA01E67059B00F4C732 /* CarManufacturersDataSource.swift */ = {isa = PBXFileReference; fileEncoding = 4; lastKnownFileType = sourcecode.swift; name = CarManufacturersDataSource.swift; path = CarSelector/CarManufacturersDataSource.swift; sourceTree = SOURCE_ROOT; };
		56A8CEA11E67059B00F4C732 /* CarModelsDataSource.swift */ = {isa = PBXFileReference; fileEncoding = 4; lastKnownFileType = sourcecode.swift; name = CarModelsDataSource.swift; path = CarSelector/CarModelsDataSource.swift; sourceTree = SOURCE_ROOT; };
		56A8CEA41E6705AF00F4C732 /* CarManufacturerListViewController.swift */ = {isa = PBXFileReference; fileEncoding = 4; lastKnownFileType = sourcecode.swift; name = CarManufacturerListViewController.swift; path = CarSelector/CarManufacturerListViewController.swift; sourceTree = SOURCE_ROOT; };
		56A8CEA51E6705AF00F4C732 /* CarModelListViewController.swift */ = {isa = PBXFileReference; fileEncoding = 4; lastKnownFileType = sourcecode.swift; name = CarModelListViewController.swift; path = CarSelector/CarModelListViewController.swift; sourceTree = SOURCE_ROOT; };
		56A8CEA61E6705AF00F4C732 /* DisplaySelectedCarViewController.swift */ = {isa = PBXFileReference; fileEncoding = 4; lastKnownFileType = sourcecode.swift; name = DisplaySelectedCarViewController.swift; path = CarSelector/DisplaySelectedCarViewController.swift; sourceTree = SOURCE_ROOT; };
		56A8CEAA1E6705BF00F4C732 /* CarManufacturersListViewController+Webservice.swift */ = {isa = PBXFileReference; fileEncoding = 4; lastKnownFileType = sourcecode.swift; name = "CarManufacturersListViewController+Webservice.swift"; path = "CarSelector/CarManufacturersListViewController+Webservice.swift"; sourceTree = SOURCE_ROOT; };
		56A8CEAB1E6705BF00F4C732 /* CarModelsListViewController+Webservice.swift */ = {isa = PBXFileReference; fileEncoding = 4; lastKnownFileType = sourcecode.swift; name = "CarModelsListViewController+Webservice.swift"; path = "CarSelector/CarModelsListViewController+Webservice.swift"; sourceTree = SOURCE_ROOT; };
		56A8CEAE1E6705CD00F4C732 /* CarManufacturerListCell.swift */ = {isa = PBXFileReference; fileEncoding = 4; lastKnownFileType = sourcecode.swift; name = CarManufacturerListCell.swift; path = CarSelector/CarManufacturerListCell.swift; sourceTree = SOURCE_ROOT; };
		56A8CEAF1E6705CD00F4C732 /* CarModelListCell.swift */ = {isa = PBXFileReference; fileEncoding = 4; lastKnownFileType = sourcecode.swift; name = CarModelListCell.swift; path = CarSelector/CarModelListCell.swift; sourceTree = SOURCE_ROOT; };
		56A8CEB21E6705DD00F4C732 /* JSONParsingProtocol.swift */ = {isa = PBXFileReference; fileEncoding = 4; lastKnownFileType = sourcecode.swift; name = JSONParsingProtocol.swift; path = CarSelector/JSONParsingProtocol.swift; sourceTree = SOURCE_ROOT; };
		56A8CEB31E6705DD00F4C732 /* ReusableProtocol.swift */ = {isa = PBXFileReference; fileEncoding = 4; lastKnownFileType = sourcecode.swift; name = ReusableProtocol.swift; path = CarSelector/ReusableProtocol.swift; sourceTree = SOURCE_ROOT; };
		56A8CEB61E6705F800F4C732 /* AppState.swift */ = {isa = PBXFileReference; fileEncoding = 4; lastKnownFileType = sourcecode.swift; name = AppState.swift; path = CarSelector/AppState.swift; sourceTree = SOURCE_ROOT; };
		56A8CEB71E6705F800F4C732 /* Constants.swift */ = {isa = PBXFileReference; fileEncoding = 4; lastKnownFileType = sourcecode.swift; name = Constants.swift; path = CarSelector/Constants.swift; sourceTree = SOURCE_ROOT; };
		56A8CEB81E6705F800F4C732 /* Storyboard.swift */ = {isa = PBXFileReference; fileEncoding = 4; lastKnownFileType = sourcecode.swift; name = Storyboard.swift; path = CarSelector/Storyboard.swift; sourceTree = SOURCE_ROOT; };
		56A8CEB91E6705F800F4C732 /* Utils.swift */ = {isa = PBXFileReference; fileEncoding = 4; lastKnownFileType = sourcecode.swift; name = Utils.swift; path = CarSelector/Utils.swift; sourceTree = SOURCE_ROOT; };
		56A8CEBE1E67060800F4C732 /* Car.swift */ = {isa = PBXFileReference; fileEncoding = 4; lastKnownFileType = sourcecode.swift; name = Car.swift; path = CarSelector/Car.swift; sourceTree = SOURCE_ROOT; };
		56A8CEBF1E67060800F4C732 /* CarManufacturer.swift */ = {isa = PBXFileReference; fileEncoding = 4; lastKnownFileType = sourcecode.swift; name = CarManufacturer.swift; path = CarSelector/CarManufacturer.swift; sourceTree = SOURCE_ROOT; };
		56A8CEC01E67060800F4C732 /* CarModel.swift */ = {isa = PBXFileReference; fileEncoding = 4; lastKnownFileType = sourcecode.swift; name = CarModel.swift; path = CarSelector/CarModel.swift; sourceTree = SOURCE_ROOT; };
		56A8CEC41E67061800F4C732 /* CarManufacturerViewModel.swift */ = {isa = PBXFileReference; fileEncoding = 4; lastKnownFileType = sourcecode.swift; name = CarManufacturerViewModel.swift; path = CarSelector/CarManufacturerViewModel.swift; sourceTree = SOURCE_ROOT; };
		56A8CEC51E67061800F4C732 /* CarModelViewModel.swift */ = {isa = PBXFileReference; fileEncoding = 4; lastKnownFileType = sourcecode.swift; name = CarModelViewModel.swift; path = CarSelector/CarModelViewModel.swift; sourceTree = SOURCE_ROOT; };
		56A8CEC61E67061800F4C732 /* CarViewModel.swift */ = {isa = PBXFileReference; fileEncoding = 4; lastKnownFileType = sourcecode.swift; name = CarViewModel.swift; path = CarSelector/CarViewModel.swift; sourceTree = SOURCE_ROOT; };
		56A8CECA1E67063000F4C732 /* APIRequest.swift */ = {isa = PBXFileReference; fileEncoding = 4; lastKnownFileType = sourcecode.swift; name = APIRequest.swift; path = CarSelector/APIRequest.swift; sourceTree = SOURCE_ROOT; };
		56A8CECB1E67063000F4C732 /* GetManufacturerRequest.swift */ = {isa = PBXFileReference; fileEncoding = 4; lastKnownFileType = sourcecode.swift; name = GetManufacturerRequest.swift; path = CarSelector/GetManufacturerRequest.swift; sourceTree = SOURCE_ROOT; };
		56A8CECC1E67063000F4C732 /* GetModelsRequest.swift */ = {isa = PBXFileReference; fileEncoding = 4; lastKnownFileType = sourcecode.swift; name = GetModelsRequest.swift; path = CarSelector/GetModelsRequest.swift; sourceTree = SOURCE_ROOT; };
		56A8CECD1E67063000F4C732 /* MainAPIOperation.swift */ = {isa = PBXFileReference; fileEncoding = 4; lastKnownFileType = sourcecode.swift; name = MainAPIOperation.swift; path = CarSelector/MainAPIOperation.swift; sourceTree = SOURCE_ROOT; };
		56A8CECE1E67063000F4C732 /* NetworkManager.swift */ = {isa = PBXFileReference; fileEncoding = 4; lastKnownFileType = sourcecode.swift; name = NetworkManager.swift; path = CarSelector/NetworkManager.swift; sourceTree = SOURCE_ROOT; };
		56A8CECF1E67063000F4C732 /* NetworkOperation.swift */ = {isa = PBXFileReference; fileEncoding = 4; lastKnownFileType = sourcecode.swift; name = NetworkOperation.swift; path = CarSelector/NetworkOperation.swift; sourceTree = SOURCE_ROOT; };
		56A8CED01E67063000F4C732 /* ParseOperation.swift */ = {isa = PBXFileReference; fileEncoding = 4; lastKnownFileType = sourcecode.swift; name = ParseOperation.swift; path = CarSelector/ParseOperation.swift; sourceTree = SOURCE_ROOT; };
		56A8CED11E67063000F4C732 /* Result.swift */ = {isa = PBXFileReference; fileEncoding = 4; lastKnownFileType = sourcecode.swift; name = Result.swift; path = CarSelector/Result.swift; sourceTree = SOURCE_ROOT; };
		56A8CEDA1E67064C00F4C732 /* Assets.xcassets */ = {isa = PBXFileReference; lastKnownFileType = folder.assetcatalog; name = Assets.xcassets; path = CarSelector/Assets.xcassets; sourceTree = SOURCE_ROOT; };
		56A8CEDB1E67064C00F4C732 /* Info.plist */ = {isa = PBXFileReference; fileEncoding = 4; lastKnownFileType = text.plist.xml; name = Info.plist; path = CarSelector/Info.plist; sourceTree = SOURCE_ROOT; };
		56A8CEE11E67077900F4C732 /* Base */ = {isa = PBXFileReference; lastKnownFileType = file.storyboard; name = Base; path = CarSelector/Base.lproj/LaunchScreen.storyboard; sourceTree = SOURCE_ROOT; };
		56A8CEE31E67077900F4C732 /* Base */ = {isa = PBXFileReference; lastKnownFileType = file.storyboard; name = Base; path = CarSelector/Base.lproj/Main.storyboard; sourceTree = SOURCE_ROOT; };
/* End PBXFileReference section */

/* Begin PBXFrameworksBuildPhase section */
		5600F5611E60A3EF005FB730 /* Frameworks */ = {
			isa = PBXFrameworksBuildPhase;
			buildActionMask = 2147483647;
			files = (
			);
			runOnlyForDeploymentPostprocessing = 0;
		};
		561A742A1E6702B300A59C62 /* Frameworks */ = {
			isa = PBXFrameworksBuildPhase;
			buildActionMask = 2147483647;
			files = (
			);
			runOnlyForDeploymentPostprocessing = 0;
		};
/* End PBXFrameworksBuildPhase section */

/* Begin PBXGroup section */
		5600F55B1E60A3EF005FB730 = {
			isa = PBXGroup;
			children = (
				5600F5661E60A3EF005FB730 /* CarSelector */,
				561A742E1E6702B300A59C62 /* CarSelectorTests */,
				5600F5651E60A3EF005FB730 /* Products */,
			);
			sourceTree = "<group>";
		};
		5600F5651E60A3EF005FB730 /* Products */ = {
			isa = PBXGroup;
			children = (
				5600F5641E60A3EF005FB730 /* CarSelector.app */,
				561A742D1E6702B300A59C62 /* CarSelectorTests.xctest */,
			);
			name = Products;
			sourceTree = "<group>";
		};
		5600F5661E60A3EF005FB730 /* CarSelector */ = {
			isa = PBXGroup;
			children = (
				5600F5C61E656FCE005FB730 /* AppDelegate */,
				5600F5BD1E648307005FB730 /* CarDataSource */,
				5600F5BE1E648310005FB730 /* ViewController */,
				5600F5BF1E64831E005FB730 /* View */,
				5600F5C11E648333005FB730 /* Protocol */,
				5600F5C21E64833D005FB730 /* Utils */,
				5600F59E1E6161DE005FB730 /* Data */,
				5600F58D1E615FFE005FB730 /* Network */,
				5600F5C41E656FBB005FB730 /* Storyboard */,
				5600F5C51E656FC3005FB730 /* Resource */,
			);
			name = CarSelector;
			path = Auto1Car;
			sourceTree = "<group>";
		};
		5600F58D1E615FFE005FB730 /* Network */ = {
			isa = PBXGroup;
			children = (
				56A8CECE1E67063000F4C732 /* NetworkManager.swift */,
				56A8CECA1E67063000F4C732 /* APIRequest.swift */,
				56A8CECB1E67063000F4C732 /* GetManufacturerRequest.swift */,
				56A8CECC1E67063000F4C732 /* GetModelsRequest.swift */,
				56A8CECD1E67063000F4C732 /* MainAPIOperation.swift */,
				56A8CECF1E67063000F4C732 /* NetworkOperation.swift */,
				56A8CED01E67063000F4C732 /* ParseOperation.swift */,
				56A8CED11E67063000F4C732 /* Result.swift */,
			);
			name = Network;
			sourceTree = "<group>";
		};
		5600F59E1E6161DE005FB730 /* Data */ = {
			isa = PBXGroup;
			children = (
				56A8CEBF1E67060800F4C732 /* CarManufacturer.swift */,
				56A8CEC01E67060800F4C732 /* CarModel.swift */,
				56A8CEBE1E67060800F4C732 /* Car.swift */,
				5600F5C31E648349005FB730 /* ViewModel */,
			);
			name = Data;
			sourceTree = "<group>";
		};
		5600F5BD1E648307005FB730 /* CarDataSource */ = {
			isa = PBXGroup;
			children = (
				56A8CEA01E67059B00F4C732 /* CarManufacturersDataSource.swift */,
				56A8CEA11E67059B00F4C732 /* CarModelsDataSource.swift */,
			);
			name = CarDataSource;
			sourceTree = "<group>";
		};
		5600F5BE1E648310005FB730 /* ViewController */ = {
			isa = PBXGroup;
			children = (
				56A8CEA41E6705AF00F4C732 /* CarManufacturerListViewController.swift */,
				56A8CEA51E6705AF00F4C732 /* CarModelListViewController.swift */,
				56A8CEA61E6705AF00F4C732 /* DisplaySelectedCarViewController.swift */,
				561A74241E66D2E100A59C62 /* Webservices */,
			);
			name = ViewController;
			sourceTree = "<group>";
		};
		5600F5BF1E64831E005FB730 /* View */ = {
			isa = PBXGroup;
			children = (
				5600F5C01E648325005FB730 /* TableViewCell */,
			);
			name = View;
			sourceTree = "<group>";
		};
		5600F5C01E648325005FB730 /* TableViewCell */ = {
			isa = PBXGroup;
			children = (
				56A8CEAE1E6705CD00F4C732 /* CarManufacturerListCell.swift */,
				56A8CEAF1E6705CD00F4C732 /* CarModelListCell.swift */,
			);
			name = TableViewCell;
			sourceTree = "<group>";
		};
		5600F5C11E648333005FB730 /* Protocol */ = {
			isa = PBXGroup;
			children = (
				56A8CEB31E6705DD00F4C732 /* ReusableProtocol.swift */,
				56A8CEB21E6705DD00F4C732 /* JSONParsingProtocol.swift */,
			);
			name = Protocol;
			sourceTree = "<group>";
		};
		5600F5C21E64833D005FB730 /* Utils */ = {
			isa = PBXGroup;
			children = (
				56A8CEB61E6705F800F4C732 /* AppState.swift */,
				56A8CEB81E6705F800F4C732 /* Storyboard.swift */,
				56A8CEB91E6705F800F4C732 /* Utils.swift */,
				56A8CEB71E6705F800F4C732 /* Constants.swift */,
			);
			name = Utils;
			sourceTree = "<group>";
		};
		5600F5C31E648349005FB730 /* ViewModel */ = {
			isa = PBXGroup;
			children = (
				56A8CEC41E67061800F4C732 /* CarManufacturerViewModel.swift */,
				56A8CEC51E67061800F4C732 /* CarModelViewModel.swift */,
				56A8CEC61E67061800F4C732 /* CarViewModel.swift */,
			);
			name = ViewModel;
			sourceTree = "<group>";
		};
		5600F5C41E656FBB005FB730 /* Storyboard */ = {
			isa = PBXGroup;
			children = (
				56A8CEE21E67077900F4C732 /* Main.storyboard */,
				56A8CEE01E67077900F4C732 /* LaunchScreen.storyboard */,
			);
			name = Storyboard;
			sourceTree = "<group>";
		};
		5600F5C51E656FC3005FB730 /* Resource */ = {
			isa = PBXGroup;
			children = (
				56A8CEDA1E67064C00F4C732 /* Assets.xcassets */,
				56A8CEDB1E67064C00F4C732 /* Info.plist */,
			);
			name = Resource;
			sourceTree = "<group>";
		};
		5600F5C61E656FCE005FB730 /* AppDelegate */ = {
			isa = PBXGroup;
			children = (
				56A8CE9E1E67058300F4C732 /* AppDelegate.swift */,
			);
			name = AppDelegate;
			sourceTree = "<group>";
		};
		561A74241E66D2E100A59C62 /* Webservices */ = {
			isa = PBXGroup;
			children = (
				56A8CEAA1E6705BF00F4C732 /* CarManufacturersListViewController+Webservice.swift */,
				56A8CEAB1E6705BF00F4C732 /* CarModelsListViewController+Webservice.swift */,
			);
			name = Webservices;
			sourceTree = "<group>";
		};
		561A742E1E6702B300A59C62 /* CarSelectorTests */ = {
			isa = PBXGroup;
			children = (
				561A74381E6702E400A59C62 /* ManufacturerDataSourceTests.swift */,
				561A74391E6702E400A59C62 /* ModelsDataSourceTests.swift */,
				561A743A1E6702E400A59C62 /* ModelTests.swift */,
				561A743B1E6702E400A59C62 /* SharedStateTest.swift */,
				561A743C1E6702E400A59C62 /* ViewModelsTest.swift */,
				561A743D1E6702E400A59C62 /* WebserviceTests.swift */,
				561A74311E6702B300A59C62 /* Info.plist */,
				561A74371E6702E400A59C62 /* CarSelectorTests-Bridging-Header.h */,
			);
			path = CarSelectorTests;
			sourceTree = "<group>";
		};
/* End PBXGroup section */

/* Begin PBXNativeTarget section */
		5600F5631E60A3EF005FB730 /* CarSelector */ = {
			isa = PBXNativeTarget;
			buildConfigurationList = 5600F5811E60A3EF005FB730 /* Build configuration list for PBXNativeTarget "CarSelector" */;
			buildPhases = (
				5600F5601E60A3EF005FB730 /* Sources */,
				5600F5611E60A3EF005FB730 /* Frameworks */,
				5600F5621E60A3EF005FB730 /* Resources */,
			);
			buildRules = (
			);
			dependencies = (
			);
			name = CarSelector;
			productName = Auto1Car;
			productReference = 5600F5641E60A3EF005FB730 /* CarSelector.app */;
			productType = "com.apple.product-type.application";
		};
		561A742C1E6702B300A59C62 /* CarSelectorTests */ = {
			isa = PBXNativeTarget;
			buildConfigurationList = 561A74341E6702B300A59C62 /* Build configuration list for PBXNativeTarget "CarSelectorTests" */;
			buildPhases = (
				561A74291E6702B300A59C62 /* Sources */,
				561A742A1E6702B300A59C62 /* Frameworks */,
				561A742B1E6702B300A59C62 /* Resources */,
			);
			buildRules = (
			);
			dependencies = (
				561A74331E6702B300A59C62 /* PBXTargetDependency */,
			);
			name = CarSelectorTests;
			productName = CarSelectorTests;
			productReference = 561A742D1E6702B300A59C62 /* CarSelectorTests.xctest */;
			productType = "com.apple.product-type.bundle.unit-test";
		};
/* End PBXNativeTarget section */

/* Begin PBXProject section */
		5600F55C1E60A3EF005FB730 /* Project object */ = {
			isa = PBXProject;
			attributes = {
				LastSwiftUpdateCheck = 0820;
				LastUpgradeCheck = 0820;
				ORGANIZATIONNAME = Auto1;
				TargetAttributes = {
					5600F5631E60A3EF005FB730 = {
						CreatedOnToolsVersion = 8.2.1;
						ProvisioningStyle = Automatic;
					};
					561A742C1E6702B300A59C62 = {
						CreatedOnToolsVersion = 8.2.1;
						LastSwiftMigration = 0820;
						ProvisioningStyle = Automatic;
						TestTargetID = 5600F5631E60A3EF005FB730;
					};
				};
			};
			buildConfigurationList = 5600F55F1E60A3EF005FB730 /* Build configuration list for PBXProject "CarSelector" */;
			compatibilityVersion = "Xcode 3.2";
			developmentRegion = English;
			hasScannedForEncodings = 0;
			knownRegions = (
				en,
				Base,
			);
			mainGroup = 5600F55B1E60A3EF005FB730;
			productRefGroup = 5600F5651E60A3EF005FB730 /* Products */;
			projectDirPath = "";
			projectRoot = "";
			targets = (
				5600F5631E60A3EF005FB730 /* CarSelector */,
				561A742C1E6702B300A59C62 /* CarSelectorTests */,
			);
		};
/* End PBXProject section */

/* Begin PBXResourcesBuildPhase section */
		5600F5621E60A3EF005FB730 /* Resources */ = {
			isa = PBXResourcesBuildPhase;
			buildActionMask = 2147483647;
			files = (
				56A8CEE41E67077900F4C732 /* LaunchScreen.storyboard in Resources */,
				56A8CEDC1E67064C00F4C732 /* Assets.xcassets in Resources */,
				56A8CEDD1E67064C00F4C732 /* Info.plist in Resources */,
				56A8CEE51E67077900F4C732 /* Main.storyboard in Resources */,
			);
			runOnlyForDeploymentPostprocessing = 0;
		};
		561A742B1E6702B300A59C62 /* Resources */ = {
			isa = PBXResourcesBuildPhase;
			buildActionMask = 2147483647;
			files = (
			);
			runOnlyForDeploymentPostprocessing = 0;
		};
/* End PBXResourcesBuildPhase section */

/* Begin PBXSourcesBuildPhase section */
		5600F5601E60A3EF005FB730 /* Sources */ = {
			isa = PBXSourcesBuildPhase;
			buildActionMask = 2147483647;
			files = (
				56A8CEBC1E6705F800F4C732 /* Storyboard.swift in Sources */,
				56A8CED91E67063000F4C732 /* Result.swift in Sources */,
				56A8CEA21E67059B00F4C732 /* CarManufacturersDataSource.swift in Sources */,
				56A8CED81E67063000F4C732 /* ParseOperation.swift in Sources */,
				56A8CEB01E6705CD00F4C732 /* CarManufacturerListCell.swift in Sources */,
				56A8CEC81E67061800F4C732 /* CarModelViewModel.swift in Sources */,
				56A8CEC31E67060800F4C732 /* CarModel.swift in Sources */,
				56A8CEB41E6705DD00F4C732 /* JSONParsingProtocol.swift in Sources */,
				56A8CEBB1E6705F800F4C732 /* Constants.swift in Sources */,
				56A8CEBD1E6705F800F4C732 /* Utils.swift in Sources */,
				56A8CED31E67063000F4C732 /* GetManufacturerRequest.swift in Sources */,
				56A8CEBA1E6705F800F4C732 /* AppState.swift in Sources */,
				56A8CEAC1E6705BF00F4C732 /* CarManufacturersListViewController+Webservice.swift in Sources */,
				56A8CED71E67063000F4C732 /* NetworkOperation.swift in Sources */,
				56A8CED61E67063000F4C732 /* NetworkManager.swift in Sources */,
				56A8CE9F1E67058300F4C732 /* AppDelegate.swift in Sources */,
				56A8CEC21E67060800F4C732 /* CarManufacturer.swift in Sources */,
				56A8CEC11E67060800F4C732 /* Car.swift in Sources */,
				56A8CEB11E6705CD00F4C732 /* CarModelListCell.swift in Sources */,
				56A8CEA31E67059B00F4C732 /* CarModelsDataSource.swift in Sources */,
				56A8CEB51E6705DD00F4C732 /* ReusableProtocol.swift in Sources */,
				56A8CEC91E67061800F4C732 /* CarViewModel.swift in Sources */,
				56A8CED51E67063000F4C732 /* MainAPIOperation.swift in Sources */,
				56A8CED41E67063000F4C732 /* GetModelsRequest.swift in Sources */,
				56A8CEAD1E6705BF00F4C732 /* CarModelsListViewController+Webservice.swift in Sources */,
				56A8CEA81E6705AF00F4C732 /* CarModelListViewController.swift in Sources */,
				56A8CED21E67063000F4C732 /* APIRequest.swift in Sources */,
				56A8CEC71E67061800F4C732 /* CarManufacturerViewModel.swift in Sources */,
				56A8CEA91E6705AF00F4C732 /* DisplaySelectedCarViewController.swift in Sources */,
				56A8CEA71E6705AF00F4C732 /* CarManufacturerListViewController.swift in Sources */,
			);
			runOnlyForDeploymentPostprocessing = 0;
		};
		561A74291E6702B300A59C62 /* Sources */ = {
			isa = PBXSourcesBuildPhase;
			buildActionMask = 2147483647;
			files = (
				561A74431E6702E400A59C62 /* WebserviceTests.swift in Sources */,
				561A74411E6702E400A59C62 /* SharedStateTest.swift in Sources */,
				561A74401E6702E400A59C62 /* ModelTests.swift in Sources */,
				561A743F1E6702E400A59C62 /* ModelsDataSourceTests.swift in Sources */,
				561A743E1E6702E400A59C62 /* ManufacturerDataSourceTests.swift in Sources */,
				561A74421E6702E400A59C62 /* ViewModelsTest.swift in Sources */,
			);
			runOnlyForDeploymentPostprocessing = 0;
		};
/* End PBXSourcesBuildPhase section */

/* Begin PBXTargetDependency section */
		561A74331E6702B300A59C62 /* PBXTargetDependency */ = {
			isa = PBXTargetDependency;
			target = 5600F5631E60A3EF005FB730 /* CarSelector */;
			targetProxy = 561A74321E6702B300A59C62 /* PBXContainerItemProxy */;
		};
/* End PBXTargetDependency section */

/* Begin PBXVariantGroup section */
		56A8CEE01E67077900F4C732 /* LaunchScreen.storyboard */ = {
			isa = PBXVariantGroup;
			children = (
				56A8CEE11E67077900F4C732 /* Base */,
			);
			name = LaunchScreen.storyboard;
			sourceTree = "<group>";
		};
		56A8CEE21E67077900F4C732 /* Main.storyboard */ = {
			isa = PBXVariantGroup;
			children = (
				56A8CEE31E67077900F4C732 /* Base */,
			);
			name = Main.storyboard;
			sourceTree = "<group>";
		};
/* End PBXVariantGroup section */

/* Begin XCBuildConfiguration section */
		5600F57F1E60A3EF005FB730 /* Debug */ = {
			isa = XCBuildConfiguration;
			buildSettings = {
				ALWAYS_SEARCH_USER_PATHS = NO;
				CLANG_ANALYZER_NONNULL = YES;
				CLANG_CXX_LANGUAGE_STANDARD = "gnu++0x";
				CLANG_CXX_LIBRARY = "libc++";
				CLANG_ENABLE_MODULES = YES;
				CLANG_ENABLE_OBJC_ARC = YES;
				CLANG_WARN_BOOL_CONVERSION = YES;
				CLANG_WARN_CONSTANT_CONVERSION = YES;
				CLANG_WARN_DIRECT_OBJC_ISA_USAGE = YES_ERROR;
				CLANG_WARN_DOCUMENTATION_COMMENTS = YES;
				CLANG_WARN_EMPTY_BODY = YES;
				CLANG_WARN_ENUM_CONVERSION = YES;
				CLANG_WARN_INFINITE_RECURSION = YES;
				CLANG_WARN_INT_CONVERSION = YES;
				CLANG_WARN_OBJC_ROOT_CLASS = YES_ERROR;
				CLANG_WARN_SUSPICIOUS_MOVE = YES;
				CLANG_WARN_UNREACHABLE_CODE = YES;
				CLANG_WARN__DUPLICATE_METHOD_MATCH = YES;
				"CODE_SIGN_IDENTITY[sdk=iphoneos*]" = "iPhone Developer";
				COPY_PHASE_STRIP = NO;
				DEBUG_INFORMATION_FORMAT = dwarf;
				ENABLE_STRICT_OBJC_MSGSEND = YES;
				ENABLE_TESTABILITY = YES;
				GCC_C_LANGUAGE_STANDARD = gnu99;
				GCC_DYNAMIC_NO_PIC = NO;
				GCC_NO_COMMON_BLOCKS = YES;
				GCC_OPTIMIZATION_LEVEL = 0;
				GCC_PREPROCESSOR_DEFINITIONS = (
					"DEBUG=1",
					"$(inherited)",
				);
				GCC_WARN_64_TO_32_BIT_CONVERSION = YES;
				GCC_WARN_ABOUT_RETURN_TYPE = YES_ERROR;
				GCC_WARN_UNDECLARED_SELECTOR = YES;
				GCC_WARN_UNINITIALIZED_AUTOS = YES_AGGRESSIVE;
				GCC_WARN_UNUSED_FUNCTION = YES;
				GCC_WARN_UNUSED_VARIABLE = YES;
				IPHONEOS_DEPLOYMENT_TARGET = 10.2;
				MTL_ENABLE_DEBUG_INFO = YES;
				ONLY_ACTIVE_ARCH = YES;
				SDKROOT = iphoneos;
				SWIFT_ACTIVE_COMPILATION_CONDITIONS = DEBUG;
				SWIFT_OPTIMIZATION_LEVEL = "-Onone";
				TARGETED_DEVICE_FAMILY = "1,2";
			};
			name = Debug;
		};
		5600F5801E60A3EF005FB730 /* Release */ = {
			isa = XCBuildConfiguration;
			buildSettings = {
				ALWAYS_SEARCH_USER_PATHS = NO;
				CLANG_ANALYZER_NONNULL = YES;
				CLANG_CXX_LANGUAGE_STANDARD = "gnu++0x";
				CLANG_CXX_LIBRARY = "libc++";
				CLANG_ENABLE_MODULES = YES;
				CLANG_ENABLE_OBJC_ARC = YES;
				CLANG_WARN_BOOL_CONVERSION = YES;
				CLANG_WARN_CONSTANT_CONVERSION = YES;
				CLANG_WARN_DIRECT_OBJC_ISA_USAGE = YES_ERROR;
				CLANG_WARN_DOCUMENTATION_COMMENTS = YES;
				CLANG_WARN_EMPTY_BODY = YES;
				CLANG_WARN_ENUM_CONVERSION = YES;
				CLANG_WARN_INFINITE_RECURSION = YES;
				CLANG_WARN_INT_CONVERSION = YES;
				CLANG_WARN_OBJC_ROOT_CLASS = YES_ERROR;
				CLANG_WARN_SUSPICIOUS_MOVE = YES;
				CLANG_WARN_UNREACHABLE_CODE = YES;
				CLANG_WARN__DUPLICATE_METHOD_MATCH = YES;
				"CODE_SIGN_IDENTITY[sdk=iphoneos*]" = "iPhone Developer";
				COPY_PHASE_STRIP = NO;
				DEBUG_INFORMATION_FORMAT = "dwarf-with-dsym";
				ENABLE_NS_ASSERTIONS = NO;
				ENABLE_STRICT_OBJC_MSGSEND = YES;
				GCC_C_LANGUAGE_STANDARD = gnu99;
				GCC_NO_COMMON_BLOCKS = YES;
				GCC_WARN_64_TO_32_BIT_CONVERSION = YES;
				GCC_WARN_ABOUT_RETURN_TYPE = YES_ERROR;
				GCC_WARN_UNDECLARED_SELECTOR = YES;
				GCC_WARN_UNINITIALIZED_AUTOS = YES_AGGRESSIVE;
				GCC_WARN_UNUSED_FUNCTION = YES;
				GCC_WARN_UNUSED_VARIABLE = YES;
				IPHONEOS_DEPLOYMENT_TARGET = 10.2;
				MTL_ENABLE_DEBUG_INFO = NO;
				SDKROOT = iphoneos;
				SWIFT_OPTIMIZATION_LEVEL = "-Owholemodule";
				TARGETED_DEVICE_FAMILY = "1,2";
				VALIDATE_PRODUCT = YES;
			};
			name = Release;
		};
		5600F5821E60A3EF005FB730 /* Debug */ = {
			isa = XCBuildConfiguration;
			buildSettings = {
				ASSETCATALOG_COMPILER_APPICON_NAME = AppIcon;
				INFOPLIST_FILE = CarSelector/Info.plist;
				LD_RUNPATH_SEARCH_PATHS = "$(inherited) @executable_path/Frameworks";
				PRODUCT_BUNDLE_IDENTIFIER = com.ugam.carselector;
				PRODUCT_NAME = "$(TARGET_NAME)";
				SWIFT_VERSION = 3.0;
			};
			name = Debug;
		};
		5600F5831E60A3EF005FB730 /* Release */ = {
			isa = XCBuildConfiguration;
			buildSettings = {
				ASSETCATALOG_COMPILER_APPICON_NAME = AppIcon;
				INFOPLIST_FILE = CarSelector/Info.plist;
				LD_RUNPATH_SEARCH_PATHS = "$(inherited) @executable_path/Frameworks";
				PRODUCT_BUNDLE_IDENTIFIER = com.ugam.carselector;
				PRODUCT_NAME = "$(TARGET_NAME)";
				SWIFT_VERSION = 3.0;
			};
			name = Release;
		};
		561A74351E6702B300A59C62 /* Debug */ = {
			isa = XCBuildConfiguration;
			buildSettings = {
				BUNDLE_LOADER = "$(TEST_HOST)";
				CLANG_ENABLE_MODULES = YES;
				INFOPLIST_FILE = CarSelectorTests/Info.plist;
				LD_RUNPATH_SEARCH_PATHS = "$(inherited) @executable_path/Frameworks @loader_path/Frameworks";
				PRODUCT_BUNDLE_IDENTIFIER = com.Ugam.CarSelectorTests;
				PRODUCT_NAME = "$(TARGET_NAME)";
				SWIFT_OBJC_BRIDGING_HEADER = "CarSelectorTests/CarSelectorTests-Bridging-Header.h";
				SWIFT_OPTIMIZATION_LEVEL = "-Onone";
				SWIFT_VERSION = 3.0;
				TEST_HOST = "$(BUILT_PRODUCTS_DIR)/CarSelector.app/CarSelector";
			};
			name = Debug;
		};
		561A74361E6702B300A59C62 /* Release */ = {
			isa = XCBuildConfiguration;
			buildSettings = {
				BUNDLE_LOADER = "$(TEST_HOST)";
				CLANG_ENABLE_MODULES = YES;
				INFOPLIST_FILE = CarSelectorTests/Info.plist;
				LD_RUNPATH_SEARCH_PATHS = "$(inherited) @executable_path/Frameworks @loader_path/Frameworks";
				PRODUCT_BUNDLE_IDENTIFIER = com.Ugam.CarSelectorTests;
				PRODUCT_NAME = "$(TARGET_NAME)";
				SWIFT_OBJC_BRIDGING_HEADER = "CarSelectorTests/CarSelectorTests-Bridging-Header.h";
				SWIFT_VERSION = 3.0;
				TEST_HOST = "$(BUILT_PRODUCTS_DIR)/CarSelector.app/CarSelector";
			};
			name = Release;
		};
/* End XCBuildConfiguration section */

/* Begin XCConfigurationList section */
		5600F55F1E60A3EF005FB730 /* Build configuration list for PBXProject "CarSelector" */ = {
			isa = XCConfigurationList;
			buildConfigurations = (
				5600F57F1E60A3EF005FB730 /* Debug */,
				5600F5801E60A3EF005FB730 /* Release */,
			);
			defaultConfigurationIsVisible = 0;
			defaultConfigurationName = Release;
		};
		5600F5811E60A3EF005FB730 /* Build configuration list for PBXNativeTarget "CarSelector" */ = {
			isa = XCConfigurationList;
			buildConfigurations = (
				5600F5821E60A3EF005FB730 /* Debug */,
				5600F5831E60A3EF005FB730 /* Release */,
			);
			defaultConfigurationIsVisible = 0;
			defaultConfigurationName = Release;
		};
		561A74341E6702B300A59C62 /* Build configuration list for PBXNativeTarget "CarSelectorTests" */ = {
			isa = XCConfigurationList;
			buildConfigurations = (
				561A74351E6702B300A59C62 /* Debug */,
				561A74361E6702B300A59C62 /* Release */,
			);
			defaultConfigurationIsVisible = 0;
			defaultConfigurationName = Release;
		};
/* End XCConfigurationList section */
	};
	rootObject = 5600F55C1E60A3EF005FB730 /* Project object */;
}
